golang.org/x/image v0.21.0 h1:c5qV36ajHpdj4Qi0GnE0jUc/yuo33OLFaa0d+crTD5s=
golang.org/x/image v0.21.0/go.mod h1:vUbsLavqK/W303ZroQQVKQ+Af3Yl6Uz1Ppu5J/cLz78=
periph.io/x/conn/v3 v3.7.1 h1:tMjNv3WO8jEz/ePuXl7y++2zYi8LsQ5otbmqGKy3Myg=
periph.io/x/conn/v3 v3.7.1/go.mod h1:c+HCVjkzbf09XzcqZu/t+U8Ss/2QuJj0jgRF6Nye838=
